
Microsoft Visual Studio Solution File, Format Version 12.00
# Visual Studio 2012
Project("{FAE04EC0-301F-11D3-BF4B-00C04F79EFBC}") = "GitDemo", "GitDemo\GitDemo.csproj", "{17ABFAF7-2E92-4FDE-B1AF-2EF4B0F9AD29}"
EndProject
Global
	GlobalSection(SolutionConfigurationPlatforms) = preSolution
		Debug|Any CPU = Debug|Any CPU
		Release|Any CPU = Release|Any CPU
	EndGlobalSection
	GlobalSection(ProjectConfigurationPlatforms) = postSolution
		{17ABFAF7-2E92-4FDE-B1AF-2EF4B0F9AD29}.Debug|Any CPU.ActiveCfg = Debug|Any CPU
		{17ABFAF7-2E92-4FDE-B1AF-2EF4B0F9AD29}.Debug|Any CPU.Build.0 = Debug|Any CPU
		{17ABFAF7-2E92-4FDE-B1AF-2EF4B0F9AD29}.Release|Any CPU.ActiveCfg = Release|Any CPU
		{17ABFAF7-2E92-4FDE-B1AF-2EF4B0F9AD29}.Release|Any CPU.Build.0 = Release|Any CPU
	EndGlobalSection
	GlobalSection(SolutionProperties) = preSolution
		HideSolutionNode = FALSE
	EndGlobalSection
EndGlobal
